// !$*UTF8*$!
{
	archiveVersion = 1;
	classes = {
	};
	objectVersion = 50;
	objects = {

/* Begin PBXBuildFile section */
		D4AE468824C709F500EACCDF /* AppDelegate.swift in Sources */ = {isa = PBXBuildFile; fileRef = D4AE468724C709F500EACCDF /* AppDelegate.swift */; };
		D4AE468A24C709F500EACCDF /* SceneDelegate.swift in Sources */ = {isa = PBXBuildFile; fileRef = D4AE468924C709F500EACCDF /* SceneDelegate.swift */; };
		D4AE468C24C709F500EACCDF /* ContentView.swift in Sources */ = {isa = PBXBuildFile; fileRef = D4AE468B24C709F500EACCDF /* ContentView.swift */; };
		D4AE468E24C709F600EACCDF /* Assets.xcassets in Resources */ = {isa = PBXBuildFile; fileRef = D4AE468D24C709F600EACCDF /* Assets.xcassets */; };
		D4AE469124C709F600EACCDF /* Preview Assets.xcassets in Resources */ = {isa = PBXBuildFile; fileRef = D4AE469024C709F600EACCDF /* Preview Assets.xcassets */; };
		D4AE469424C709F600EACCDF /* LaunchScreen.storyboard in Resources */ = {isa = PBXBuildFile; fileRef = D4AE469224C709F600EACCDF /* LaunchScreen.storyboard */; };
/* End PBXBuildFile section */

/* Begin PBXFileReference section */
		D4AE468424C709F500EACCDF /* TrafficLightSwiftUI.app */ = {isa = PBXFileReference; explicitFileType = wrapper.application; includeInIndex = 0; path = TrafficLightSwiftUI.app; sourceTree = BUILT_PRODUCTS_DIR; };
		D4AE468724C709F500EACCDF /* AppDelegate.swift */ = {isa = PBXFileReference; lastKnownFileType = sourcecode.swift; path = AppDelegate.swift; sourceTree = "<group>"; };
		D4AE468924C709F500EACCDF /* SceneDelegate.swift */ = {isa = PBXFileReference; lastKnownFileType = sourcecode.swift; path = SceneDelegate.swift; sourceTree = "<group>"; };
		D4AE468B24C709F500EACCDF /* ContentView.swift */ = {isa = PBXFileReference; lastKnownFileType = sourcecode.swift; path = ContentView.swift; sourceTree = "<group>"; };
		D4AE468D24C709F600EACCDF /* Assets.xcassets */ = {isa = PBXFileReference; lastKnownFileType = folder.assetcatalog; path = Assets.xcassets; sourceTree = "<group>"; };
		D4AE469024C709F600EACCDF /* Preview Assets.xcassets */ = {isa = PBXFileReference; lastKnownFileType = folder.assetcatalog; path = "Preview Assets.xcassets"; sourceTree = "<group>"; };
		D4AE469324C709F600EACCDF /* Base */ = {isa = PBXFileReference; lastKnownFileType = file.storyboard; name = Base; path = Base.lproj/LaunchScreen.storyboard; sourceTree = "<group>"; };
		D4AE469524C709F600EACCDF /* Info.plist */ = {isa = PBXFileReference; lastKnownFileType = text.plist.xml; path = Info.plist; sourceTree = "<group>"; };
/* End PBXFileReference section */

/* Begin PBXFrameworksBuildPhase section */
		D4AE468124C709F500EACCDF /* Frameworks */ = {
			isa = PBXFrameworksBuildPhase;
			buildActionMask = 2147483647;
			files = (
			);
			runOnlyForDeploymentPostprocessing = 0;
		};
/* End PBXFrameworksBuildPhase section */

/* Begin PBXGroup section */
		D4AE467B24C709F500EACCDF = {
			isa = PBXGroup;
			children = (
				D4AE468624C709F500EACCDF /* TrafficLightSwiftUI */,
				D4AE468524C709F500EACCDF /* Products */,
			);
			sourceTree = "<group>";
		};
		D4AE468524C709F500EACCDF /* Products */ = {
			isa = PBXGroup;
			children = (
				D4AE468424C709F500EACCDF /* TrafficLightSwiftUI.app */,
			);
			name = Products;
			sourceTree = "<group>";
		};
		D4AE468624C709F500EACCDF /* TrafficLightSwiftUI */ = {
			isa = PBXGroup;
			children = (
				D4AE468724C709F500EACCDF /* AppDelegate.swift */,
				D4AE468924C709F500EACCDF /* SceneDelegate.swift */,
				D4AE468B24C709F500EACCDF /* ContentView.swift */,
				D4AE468D24C709F600EACCDF /* Assets.xcassets */,
				D4AE469224C709F600EACCDF /* LaunchScreen.storyboard */,
				D4AE469524C709F600EACCDF /* Info.plist */,
				D4AE468F24C709F600EACCDF /* Preview Content */,
			);
			path = TrafficLightSwiftUI;
			sourceTree = "<group>";
		};
		D4AE468F24C709F600EACCDF /* Preview Content */ = {
			isa = PBXGroup;
			children = (
				D4AE469024C709F600EACCDF /* Preview Assets.xcassets */,
			);
			path = "Preview Content";
			sourceTree = "<group>";
		};
/* End PBXGroup section */

/* Begin PBXNativeTarget section */
		D4AE468324C709F500EACCDF /* TrafficLightSwiftUI */ = {
			isa = PBXNativeTarget;
			buildConfigurationList = D4AE469824C709F600EACCDF /* Build configuration list for PBXNativeTarget "TrafficLightSwiftUI" */;
			buildPhases = (
				D4AE468024C709F500EACCDF /* Sources */,
				D4AE468124C709F500EACCDF /* Frameworks */,
				D4AE468224C709F500EACCDF /* Resources */,
			);
			buildRules = (
			);
			dependencies = (
			);
			name = TrafficLightSwiftUI;
			productName = TrafficLightSwiftUI;
			productReference = D4AE468424C709F500EACCDF /* TrafficLightSwiftUI.app */;
			productType = "com.apple.product-type.application";
		};
/* End PBXNativeTarget section */

/* Begin PBXProject section */
		D4AE467C24C709F500EACCDF /* Project object */ = {
			isa = PBXProject;
			attributes = {
				LastSwiftUpdateCheck = 1160;
				LastUpgradeCheck = 1160;
				ORGANIZATIONNAME = "Кирилл Заборский";
				TargetAttributes = {
					D4AE468324C709F500EACCDF = {
						CreatedOnToolsVersion = 11.6;
					};
				};
			};
			buildConfigurationList = D4AE467F24C709F500EACCDF /* Build configuration list for PBXProject "TrafficLightSwiftUI" */;
			compatibilityVersion = "Xcode 9.3";
			developmentRegion = en;
			hasScannedForEncodings = 0;
			knownRegions = (
				en,
				Base,
			);
			mainGroup = D4AE467B24C709F500EACCDF;
			productRefGroup = D4AE468524C709F500EACCDF /* Products */;
			projectDirPath = "";
			projectRoot = "";
			targets = (
				D4AE468324C709F500EACCDF /* TrafficLightSwiftUI */,
			);
		};
/* End PBXProject section */

/* Begin PBXResourcesBuildPhase section */
		D4AE468224C709F500EACCDF /* Resources */ = {
			isa = PBXResourcesBuildPhase;
			buildActionMask = 2147483647;
			files = (
				D4AE469424C709F600EACCDF /* LaunchScreen.storyboard in Resources */,
				D4AE469124C709F600EACCDF /* Preview Assets.xcassets in Resources */,
				D4AE468E24C709F600EACCDF /* Assets.xcassets in Resources */,
			);
			runOnlyForDeploymentPostprocessing = 0;
		};
/* End PBXResourcesBuildPhase section */

/* Begin PBXSourcesBuildPhase section */
		D4AE468024C709F500EACCDF /* Sources */ = {
			isa = PBXSourcesBuildPhase;
			buildActionMask = 2147483647;
			files = (
				D4AE468824C709F500EACCDF /* AppDelegate.swift in Sources */,
				D4AE468A24C709F500EACCDF /* SceneDelegate.swift in Sources */,
				D4AE468C24C709F500EACCDF /* ContentView.swift in Sources */,
			);
			runOnlyForDeploymentPostprocessing = 0;
		};
/* End PBXSourcesBuildPhase section */

/* Begin PBXVariantGroup section */
		D4AE469224C709F600EACCDF /* LaunchScreen.storyboard */ = {
			isa = PBXVariantGroup;
			children = (
				D4AE469324C709F600EACCDF /* Base */,
			);
			name = LaunchScreen.storyboard;
			sourceTree = "<group>";
		};
/* End PBXVariantGroup section */

/* Begin XCBuildConfiguration section */
		D4AE469624C709F600EACCDF /* Debug */ = {
			isa = XCBuildConfiguration;
			buildSettings = {
				ALWAYS_SEARCH_USER_PATHS = NO;
				CLANG_ANALYZER_NONNULL = YES;
				CLANG_ANALYZER_NUMBER_OBJECT_CONVERSION = YES_AGGRESSIVE;
				CLANG_CXX_LANGUAGE_STANDARD = "gnu++14";
				CLANG_CXX_LIBRARY = "libc++";
				CLANG_ENABLE_MODULES = YES;
				CLANG_ENABLE_OBJC_ARC = YES;
				CLANG_ENABLE_OBJC_WEAK = YES;
				CLANG_WARN_BLOCK_CAPTURE_AUTORELEASING = YES;
				CLANG_WARN_BOOL_CONVERSION = YES;
				CLANG_WARN_COMMA = YES;
				CLANG_WARN_CONSTANT_CONVERSION = YES;
				CLANG_WARN_DEPRECATED_OBJC_IMPLEMENTATIONS = YES;
				CLANG_WARN_DIRECT_OBJC_ISA_USAGE = YES_ERROR;
				CLANG_WARN_DOCUMENTATION_COMMENTS = YES;
				CLANG_WARN_EMPTY_BODY = YES;
				CLANG_WARN_ENUM_CONVERSION = YES;
				CLANG_WARN_INFINITE_RECURSION = YES;
				CLANG_WARN_INT_CONVERSION = YES;
				CLANG_WARN_NON_LITERAL_NULL_CONVERSION = YES;
				CLANG_WARN_OBJC_IMPLICIT_RETAIN_SELF = YES;
				CLANG_WARN_OBJC_LITERAL_CONVERSION = YES;
				CLANG_WARN_OBJC_ROOT_CLASS = YES_ERROR;
				CLANG_WARN_RANGE_LOOP_ANALYSIS = YES;
				CLANG_WARN_STRICT_PROTOTYPES = YES;
				CLANG_WARN_SUSPICIOUS_MOVE = YES;
				CLANG_WARN_UNGUARDED_AVAILABILITY = YES_AGGRESSIVE;
				CLANG_WARN_UNREACHABLE_CODE = YES;
				CLANG_WARN__DUPLICATE_METHOD_MATCH = YES;
				COPY_PHASE_STRIP = NO;
				DEBUG_INFORMATION_FORMAT = dwarf;
				ENABLE_STRICT_OBJC_MSGSEND = YES;
				ENABLE_TESTABILITY = YES;
				GCC_C_LANGUAGE_STANDARD = gnu11;
				GCC_DYNAMIC_NO_PIC = NO;
				GCC_NO_COMMON_BLOCKS = YES;
				GCC_OPTIMIZATION_LEVEL = 0;
				GCC_PREPROCESSOR_DEFINITIONS = (
					"DEBUG=1",
					"$(inherited)",
				);
				GCC_WARN_64_TO_32_BIT_CONVERSION = YES;
				GCC_WARN_ABOUT_RETURN_TYPE = YES_ERROR;
				GCC_WARN_UNDECLARED_SELECTOR = YES;
				GCC_WARN_UNINITIALIZED_AUTOS = YES_AGGRESSIVE;
				GCC_WARN_UNUSED_FUNCTION = YES;
				GCC_WARN_UNUSED_VARIABLE = YES;
				IPHONEOS_DEPLOYMENT_TARGET = 13.6;
				MTL_ENABLE_DEBUG_INFO = INCLUDE_SOURCE;
				MTL_FAST_MATH = YES;
				ONLY_ACTIVE_ARCH = YES;
				SDKROOT = iphoneos;
				SWIFT_ACTIVE_COMPILATION_CONDITIONS = DEBUG;
				SWIFT_OPTIMIZATION_LEVEL = "-Onone";
			};
			name = Debug;
		};
		D4AE469724C709F600EACCDF /* Release */ = {
			isa = XCBuildConfiguration;
			buildSettings = {
				ALWAYS_SEARCH_USER_PATHS = NO;
				CLANG_ANALYZER_NONNULL = YES;
				CLANG_ANALYZER_NUMBER_OBJECT_CONVERSION = YES_AGGRESSIVE;
				CLANG_CXX_LANGUAGE_STANDARD = "gnu++14";
				CLANG_CXX_LIBRARY = "libc++";
				CLANG_ENABLE_MODULES = YES;
				CLANG_ENABLE_OBJC_ARC = YES;
				CLANG_ENABLE_OBJC_WEAK = YES;
				CLANG_WARN_BLOCK_CAPTURE_AUTORELEASING = YES;
				CLANG_WARN_BOOL_CONVERSION = YES;
				CLANG_WARN_COMMA = YES;
				CLANG_WARN_CONSTANT_CONVERSION = YES;
				CLANG_WARN_DEPRECATED_OBJC_IMPLEMENTATIONS = YES;
				CLANG_WARN_DIRECT_OBJC_ISA_USAGE = YES_ERROR;
				CLANG_WARN_DOCUMENTATION_COMMENTS = YES;
				CLANG_WARN_EMPTY_BODY = YES;
				CLANG_WARN_ENUM_CONVERSION = YES;
				CLANG_WARN_INFINITE_RECURSION = YES;
				CLANG_WARN_INT_CONVERSION = YES;
				CLANG_WARN_NON_LITERAL_NULL_CONVERSION = YES;
				CLANG_WARN_OBJC_IMPLICIT_RETAIN_SELF = YES;
				CLANG_WARN_OBJC_LITERAL_CONVERSION = YES;
				CLANG_WARN_OBJC_ROOT_CLASS = YES_ERROR;
				CLANG_WARN_RANGE_LOOP_ANALYSIS = YES;
				CLANG_WARN_STRICT_PROTOTYPES = YES;
				CLANG_WARN_SUSPICIOUS_MOVE = YES;
				CLANG_WARN_UNGUARDED_AVAILABILITY = YES_AGGRESSIVE;
				CLANG_WARN_UNREACHABLE_CODE = YES;
				CLANG_WARN__DUPLICATE_METHOD_MATCH = YES;
				COPY_PHASE_STRIP = NO;
				DEBUG_INFORMATION_FORMAT = "dwarf-with-dsym";
				ENABLE_NS_ASSERTIONS = NO;
				ENABLE_STRICT_OBJC_MSGSEND = YES;
				GCC_C_LANGUAGE_STANDARD = gnu11;
				GCC_NO_COMMON_BLOCKS = YES;
				GCC_WARN_64_TO_32_BIT_CONVERSION = YES;
				GCC_WARN_ABOUT_RETURN_TYPE = YES_ERROR;
				GCC_WARN_UNDECLARED_SELECTOR = YES;
				GCC_WARN_UNINITIALIZED_AUTOS = YES_AGGRESSIVE;
				GCC_WARN_UNUSED_FUNCTION = YES;
				GCC_WARN_UNUSED_VARIABLE = YES;
				IPHONEOS_DEPLOYMENT_TARGET = 13.6;
				MTL_ENABLE_DEBUG_INFO = NO;
				MTL_FAST_MATH = YES;
				SDKROOT = iphoneos;
				SWIFT_COMPILATION_MODE = wholemodule;
				SWIFT_OPTIMIZATION_LEVEL = "-O";
				VALIDATE_PRODUCT = YES;
			};
			name = Release;
		};
		D4AE469924C709F600EACCDF /* Debug */ = {
			isa = XCBuildConfiguration;
			buildSettings = {
				ASSETCATALOG_COMPILER_APPICON_NAME = AppIcon;
				CODE_SIGN_STYLE = Automatic;
				DEVELOPMENT_ASSET_PATHS = "\"TrafficLightSwiftUI/Preview Content\"";
				DEVELOPMENT_TEAM = KK52K32PD5;
				ENABLE_PREVIEWS = YES;
				INFOPLIST_FILE = TrafficLightSwiftUI/Info.plist;
				LD_RUNPATH_SEARCH_PATHS = (
					"$(inherited)",
					"@executable_path/Frameworks",
				);
				PRODUCT_BUNDLE_IDENTIFIER = "Kirill-Zaborsky.TrafficLightSwiftUI";
				PRODUCT_NAME = "$(TARGET_NAME)";
				SWIFT_VERSION = 5.0;
				TARGETED_DEVICE_FAMILY = "1,2";
			};
			name = Debug;
		};
		D4AE469A24C709F600EACCDF /* Release */ = {
			isa = XCBuildConfiguration;
			buildSettings = {
				ASSETCATALOG_COMPILER_APPICON_NAME = AppIcon;
				CODE_SIGN_STYLE = Automatic;
				DEVELOPMENT_ASSET_PATHS = "\"TrafficLightSwiftUI/Preview Content\"";
				DEVELOPMENT_TEAM = KK52K32PD5;
				ENABLE_PREVIEWS = YES;
				INFOPLIST_FILE = TrafficLightSwiftUI/Info.plist;
				LD_RUNPATH_SEARCH_PATHS = (
					"$(inherited)",
					"@executable_path/Frameworks",
				);
				PRODUCT_BUNDLE_IDENTIFIER = "Kirill-Zaborsky.TrafficLightSwiftUI";
				PRODUCT_NAME = "$(TARGET_NAME)";
				SWIFT_VERSION = 5.0;
				TARGETED_DEVICE_FAMILY = "1,2";
			};
			name = Release;
		};
/* End XCBuildConfiguration section */

/* Begin XCConfigurationList section */
		D4AE467F24C709F500EACCDF /* Build configuration list for PBXProject "TrafficLightSwiftUI" */ = {
			isa = XCConfigurationList;
			buildConfigurations = (
				D4AE469624C709F600EACCDF /* Debug */,
				D4AE469724C709F600EACCDF /* Release */,
			);
			defaultConfigurationIsVisible = 0;
			defaultConfigurationName = Release;
		};
		D4AE469824C709F600EACCDF /* Build configuration list for PBXNativeTarget "TrafficLightSwiftUI" */ = {
			isa = XCConfigurationList;
			buildConfigurations = (
				D4AE469924C709F600EACCDF /* Debug */,
				D4AE469A24C709F600EACCDF /* Release */,
			);
			defaultConfigurationIsVisible = 0;
			defaultConfigurationName = Release;
		};
/* End XCConfigurationList section */
	};
	rootObject = D4AE467C24C709F500EACCDF /* Project object */;
}
